
Microsoft Visual Studio Solution File, Format Version 12.00
# Visual Studio Version 16
VisualStudioVersion = 16.0.31229.75
MinimumVisualStudioVersion = 10.0.40219.1
Project("{FAE04EC0-301F-11D3-BF4B-00C04F79EFBC}") = "FallNet", "FallNet\FallNet.csproj", "{F8800066-B906-4F09-91F2-8BBE68C5C550}"
EndProject
Global
	GlobalSection(SolutionConfigurationPlatforms) = preSolution
		Debug|Any CPU = Debug|Any CPU
		Release|Any CPU = Release|Any CPU
	EndGlobalSection
	GlobalSection(ProjectConfigurationPlatforms) = postSolution
		{F8800066-B906-4F09-91F2-8BBE68C5C550}.Debug|Any CPU.ActiveCfg = Debug|Any CPU
		{F8800066-B906-4F09-91F2-8BBE68C5C550}.Debug|Any CPU.Build.0 = Debug|Any CPU
		{F8800066-B906-4F09-91F2-8BBE68C5C550}.Release|Any CPU.ActiveCfg = Release|Any CPU
		{F8800066-B906-4F09-91F2-8BBE68C5C550}.Release|Any CPU.Build.0 = Release|Any CPU
	EndGlobalSection
	GlobalSection(SolutionProperties) = preSolution
		HideSolutionNode = FALSE
	EndGlobalSection
	GlobalSection(ExtensibilityGlobals) = postSolution
		SolutionGuid = {C888F38B-2700-403D-A697-5853AE6596D4}
	EndGlobalSection
EndGlobal
